
Microsoft Visual Studio Solution File, Format Version 12.00
# Visual Studio Version 17
VisualStudioVersion = 17.3.32929.385
MinimumVisualStudioVersion = 10.0.40219.1
Project("{FAE04EC0-301F-11D3-BF4B-00C04F79EFBC}") = "FreshFarmMarket", "FreshFarmMarket\FreshFarmMarket.csproj", "{23B54319-6E8F-4D0F-BD50-96FFBF9ABFD0}"
EndProject
Global
	GlobalSection(SolutionConfigurationPlatforms) = preSolution
		Debug|Any CPU = Debug|Any CPU
		Release|Any CPU = Release|Any CPU
	EndGlobalSection
	GlobalSection(ProjectConfigurationPlatforms) = postSolution
		{23B54319-6E8F-4D0F-BD50-96FFBF9ABFD0}.Debug|Any CPU.ActiveCfg = Debug|Any CPU
		{23B54319-6E8F-4D0F-BD50-96FFBF9ABFD0}.Debug|Any CPU.Build.0 = Debug|Any CPU
		{23B54319-6E8F-4D0F-BD50-96FFBF9ABFD0}.Release|Any CPU.ActiveCfg = Release|Any CPU
		{23B54319-6E8F-4D0F-BD50-96FFBF9ABFD0}.Release|Any CPU.Build.0 = Release|Any CPU
	EndGlobalSection
	GlobalSection(SolutionProperties) = preSolution
		HideSolutionNode = FALSE
	EndGlobalSection
	GlobalSection(ExtensibilityGlobals) = postSolution
		SolutionGuid = {A560F49C-755E-4911-8A31-CB320E1E1549}
	EndGlobalSection
EndGlobal
